
Microsoft Visual Studio Solution File, Format Version 12.00
# Visual Studio Version 17
VisualStudioVersion = 17.13.35828.75
MinimumVisualStudioVersion = 10.0.40219.1
Project("{FAE04EC0-301F-11D3-BF4B-00C04F79EFBC}") = "BG.EmuladorCnb.App", "BG.EmuladorCnb.App\BG.EmuladorCnb.App.csproj", "{67831A35-D478-4816-8B1D-AA973B1778A7}"
EndProject
Project("{2150E333-8FDC-42A3-9474-1A3956D46DE8}") = "Src", "Src", "{02EA681E-C7D8-13C7-8484-4AC65E1B71E8}"
EndProject
Global
	GlobalSection(SolutionConfigurationPlatforms) = preSolution
		Debug|Any CPU = Debug|Any CPU
		Release|Any CPU = Release|Any CPU
	EndGlobalSection
	GlobalSection(ProjectConfigurationPlatforms) = postSolution
		{67831A35-D478-4816-8B1D-AA973B1778A7}.Debug|Any CPU.ActiveCfg = Debug|Any CPU
		{67831A35-D478-4816-8B1D-AA973B1778A7}.Debug|Any CPU.Build.0 = Debug|Any CPU
		{67831A35-D478-4816-8B1D-AA973B1778A7}.Release|Any CPU.ActiveCfg = Release|Any CPU
		{67831A35-D478-4816-8B1D-AA973B1778A7}.Release|Any CPU.Build.0 = Release|Any CPU
	EndGlobalSection
	GlobalSection(SolutionProperties) = preSolution
		HideSolutionNode = FALSE
	EndGlobalSection
	GlobalSection(NestedProjects) = preSolution
		{67831A35-D478-4816-8B1D-AA973B1778A7} = {02EA681E-C7D8-13C7-8484-4AC65E1B71E8}
	EndGlobalSection
	GlobalSection(ExtensibilityGlobals) = postSolution
		SolutionGuid = {C76146F5-ABF4-41C3-ACE3-D8717EE74439}
	EndGlobalSection
EndGlobal
